
Microsoft Visual Studio Solution File, Format Version 12.00
# Visual Studio Version 17
VisualStudioVersion = 17.5.002.0
MinimumVisualStudioVersion = 10.0.40219.1
Project("{9A19103F-16F7-4668-BE54-9A1E7A4F7556}") = "Atividade01", "Atividade01.csproj", "{787E874F-52FD-407A-8817-D6A71B1BFE80}"
EndProject
Global
	GlobalSection(SolutionConfigurationPlatforms) = preSolution
		Debug|Any CPU = Debug|Any CPU
		Release|Any CPU = Release|Any CPU
	EndGlobalSection
	GlobalSection(ProjectConfigurationPlatforms) = postSolution
		{787E874F-52FD-407A-8817-D6A71B1BFE80}.Debug|Any CPU.ActiveCfg = Debug|Any CPU
		{787E874F-52FD-407A-8817-D6A71B1BFE80}.Debug|Any CPU.Build.0 = Debug|Any CPU
		{787E874F-52FD-407A-8817-D6A71B1BFE80}.Release|Any CPU.ActiveCfg = Release|Any CPU
		{787E874F-52FD-407A-8817-D6A71B1BFE80}.Release|Any CPU.Build.0 = Release|Any CPU
	EndGlobalSection
	GlobalSection(SolutionProperties) = preSolution
		HideSolutionNode = FALSE
	EndGlobalSection
	GlobalSection(ExtensibilityGlobals) = postSolution
		SolutionGuid = {4FD1B6F5-E2AC-490E-B6EE-06EB68F3E271}
	EndGlobalSection
EndGlobal
